
Microsoft Visual Studio Solution File, Format Version 11.00
# Visual Studio 2010
Project("{FAE04EC0-301F-11D3-BF4B-00C04F79EFBC}") = "UnityEngine.UI", "UnityEngine.UI.csproj", "{214a26c3-9a53-fda0-6600-cf0aa21d5df7}"
EndProject
Project("{FAE04EC0-301F-11D3-BF4B-00C04F79EFBC}") = "Unity.RenderPipelines.Core.Runtime", "Unity.RenderPipelines.Core.Runtime.csproj", "{8b0efaa1-23b7-f52c-8904-f27f57df7a8e}"
EndProject
Project("{FAE04EC0-301F-11D3-BF4B-00C04F79EFBC}") = "UnityEngine.TestRunner", "UnityEngine.TestRunner.csproj", "{18ffcebf-5217-6bd4-a6d6-3853acf653a1}"
EndProject
Project("{FAE04EC0-301F-11D3-BF4B-00C04F79EFBC}") = "Unity.Mathematics", "Unity.Mathematics.csproj", "{72c11250-e756-2363-245e-657930d53bd6}"
EndProject
Project("{FAE04EC0-301F-11D3-BF4B-00C04F79EFBC}") = "Assembly-CSharp", "Assembly-CSharp.csproj", "{eb3bd572-79f1-79b4-9b53-d81cb33f33b3}"
EndProject
Project("{FAE04EC0-301F-11D3-BF4B-00C04F79EFBC}") = "Unity.RenderPipelines.Universal.Runtime", "Unity.RenderPipelines.Universal.Runtime.csproj", "{b4885472-5222-9406-04cf-fb90939c1eb4}"
EndProject
Project("{FAE04EC0-301F-11D3-BF4B-00C04F79EFBC}") = "Unity.TextMeshPro", "Unity.TextMeshPro.csproj", "{cfc25cf1-5545-d4bd-1b5b-dcc545a5fb3f}"
EndProject
Project("{FAE04EC0-301F-11D3-BF4B-00C04F79EFBC}") = "Unity.VisualEffectGraph.Runtime", "Unity.VisualEffectGraph.Runtime.csproj", "{b34abfbb-a035-109d-d60c-9c2def476dd9}"
EndProject
Project("{FAE04EC0-301F-11D3-BF4B-00C04F79EFBC}") = "Unity.ProBuilder.Poly2Tri", "Unity.ProBuilder.Poly2Tri.csproj", "{6360eeeb-e7ad-e7d4-9684-60a25e36a833}"
EndProject
Project("{FAE04EC0-301F-11D3-BF4B-00C04F79EFBC}") = "Unity.Timeline", "Unity.Timeline.csproj", "{85e00740-7a3b-ee34-f77b-f3e78a6c3447}"
EndProject
Project("{FAE04EC0-301F-11D3-BF4B-00C04F79EFBC}") = "Unity.Postprocessing.Runtime", "Unity.Postprocessing.Runtime.csproj", "{4df56be5-060f-7ed9-f988-e6dbea4a63fa}"
EndProject
Project("{FAE04EC0-301F-11D3-BF4B-00C04F79EFBC}") = "Unity.ProBuilder", "Unity.ProBuilder.csproj", "{2d1727fd-1373-afa7-ae66-00dc8246d922}"
EndProject
Project("{FAE04EC0-301F-11D3-BF4B-00C04F79EFBC}") = "Unity.ProGrids", "Unity.ProGrids.csproj", "{39754926-0dc2-5fbd-1edb-1f41ffc9ba09}"
EndProject
Project("{FAE04EC0-301F-11D3-BF4B-00C04F79EFBC}") = "Unity.ProBuilder.Csg", "Unity.ProBuilder.Csg.csproj", "{f4b38060-3d5c-9f80-a916-e7ebeeeb53c6}"
EndProject
Project("{FAE04EC0-301F-11D3-BF4B-00C04F79EFBC}") = "Unity.ProBuilder.KdTree", "Unity.ProBuilder.KdTree.csproj", "{bb454061-95a4-bcd1-12f5-edacdfbd6629}"
EndProject
Project("{FAE04EC0-301F-11D3-BF4B-00C04F79EFBC}") = "Unity.RenderPipelines.Core.ShaderLibrary", "Unity.RenderPipelines.Core.ShaderLibrary.csproj", "{09be29b4-4bbb-7d37-cabe-866995940435}"
EndProject
Project("{FAE04EC0-301F-11D3-BF4B-00C04F79EFBC}") = "Unity.RenderPipeline.Universal.ShaderLibrary", "Unity.RenderPipeline.Universal.ShaderLibrary.csproj", "{cce6593a-d8ae-6d8a-2738-e31833273464}"
EndProject
Project("{FAE04EC0-301F-11D3-BF4B-00C04F79EFBC}") = "Unity.ProBuilder.Stl", "Unity.ProBuilder.Stl.csproj", "{6e674f09-6cb4-9633-36da-2ffa1c8da517}"
EndProject
Project("{FAE04EC0-301F-11D3-BF4B-00C04F79EFBC}") = "Unity.RenderPipelines.Universal.Shaders", "Unity.RenderPipelines.Universal.Shaders.csproj", "{47ebe209-fe41-d45a-e6d2-63fbe29531de}"
EndProject
Project("{FAE04EC0-301F-11D3-BF4B-00C04F79EFBC}") = "Unity.RenderPipelines.ShaderGraph.ShaderGraphLibrary", "Unity.RenderPipelines.ShaderGraph.ShaderGraphLibrary.csproj", "{d6ae6a88-d763-c2f1-27a8-ac44783dd6de}"
EndProject
Project("{FAE04EC0-301F-11D3-BF4B-00C04F79EFBC}") = "Unity.PlasticSCM.Editor", "Unity.PlasticSCM.Editor.csproj", "{6fc45390-33a4-d05b-d734-50e9985d3b94}"
EndProject
Project("{FAE04EC0-301F-11D3-BF4B-00C04F79EFBC}") = "Unity.ShaderGraph.Editor", "Unity.ShaderGraph.Editor.csproj", "{0baf1ef6-a095-3ae4-6726-f9945fb25dd4}"
EndProject
Project("{FAE04EC0-301F-11D3-BF4B-00C04F79EFBC}") = "Unity.VisualEffectGraph.Editor", "Unity.VisualEffectGraph.Editor.csproj", "{7ce3956d-a130-f5c9-ea65-d5b524dba211}"
EndProject
Project("{FAE04EC0-301F-11D3-BF4B-00C04F79EFBC}") = "Unity.VisualStudio.Editor", "Unity.VisualStudio.Editor.csproj", "{ceed7a90-9976-54bf-e63d-72a80a4d5590}"
EndProject
Project("{FAE04EC0-301F-11D3-BF4B-00C04F79EFBC}") = "Unity.ProBuilder.Editor", "Unity.ProBuilder.Editor.csproj", "{48372d7b-65d8-57d1-2af0-fa493567b8a6}"
EndProject
Project("{FAE04EC0-301F-11D3-BF4B-00C04F79EFBC}") = "Unity.Timeline.Editor", "Unity.Timeline.Editor.csproj", "{1939de99-f5ea-b6aa-d6e9-efde9479d448}"
EndProject
Project("{FAE04EC0-301F-11D3-BF4B-00C04F79EFBC}") = "Unity.TextMeshPro.Editor", "Unity.TextMeshPro.Editor.csproj", "{a729e8a1-d442-5899-c397-5f8c22d86d6f}"
EndProject
Project("{FAE04EC0-301F-11D3-BF4B-00C04F79EFBC}") = "Unity.CollabProxy.Editor", "Unity.CollabProxy.Editor.csproj", "{d9715d44-e2e6-3759-be8f-bc03037986f0}"
EndProject
Project("{FAE04EC0-301F-11D3-BF4B-00C04F79EFBC}") = "UnityEditor.TestRunner", "UnityEditor.TestRunner.csproj", "{558c1d1e-9dac-035f-1ec5-594fe037421a}"
EndProject
Project("{FAE04EC0-301F-11D3-BF4B-00C04F79EFBC}") = "Unity.Postprocessing.Editor", "Unity.Postprocessing.Editor.csproj", "{c96a089e-bf50-a9d7-4e55-f2915c338408}"
EndProject
Project("{FAE04EC0-301F-11D3-BF4B-00C04F79EFBC}") = "Unity.Rider.Editor", "Unity.Rider.Editor.csproj", "{95ad5dd0-d9b5-462c-1292-bd789b220396}"
EndProject
Project("{FAE04EC0-301F-11D3-BF4B-00C04F79EFBC}") = "Unity.RenderPipelines.Universal.Editor", "Unity.RenderPipelines.Universal.Editor.csproj", "{32158387-e4b7-6574-e3c4-555ffda83da1}"
EndProject
Project("{FAE04EC0-301F-11D3-BF4B-00C04F79EFBC}") = "Unity.RenderPipelines.Core.Editor", "Unity.RenderPipelines.Core.Editor.csproj", "{6caca32c-c228-8b91-5617-080504ecc505}"
EndProject
Project("{FAE04EC0-301F-11D3-BF4B-00C04F79EFBC}") = "Unity.ProGrids.Editor", "Unity.ProGrids.Editor.csproj", "{f04f6ef1-1f2e-d2e4-10d2-016d56dcdde3}"
EndProject
Project("{FAE04EC0-301F-11D3-BF4B-00C04F79EFBC}") = "Unity.Searcher.Editor", "Unity.Searcher.Editor.csproj", "{2aabe72e-a0fc-12e1-1793-a88b7162fcad}"
EndProject
Project("{FAE04EC0-301F-11D3-BF4B-00C04F79EFBC}") = "Unity.VSCode.Editor", "Unity.VSCode.Editor.csproj", "{4ea04a3e-d45a-9be6-0848-9ba51dfe18d3}"
EndProject
Project("{FAE04EC0-301F-11D3-BF4B-00C04F79EFBC}") = "Unity.ProBuilder.AssetIdRemapUtility", "Unity.ProBuilder.AssetIdRemapUtility.csproj", "{794cf926-6fa7-a3b0-f2cd-0a255b758a12}"
EndProject
Project("{FAE04EC0-301F-11D3-BF4B-00C04F79EFBC}") = "UnityEditor.UI", "UnityEditor.UI.csproj", "{1618c0f0-b2a7-8752-ea7f-6270af1b3850}"
EndProject
Project("{FAE04EC0-301F-11D3-BF4B-00C04F79EFBC}") = "Unity.Settings.Editor", "Unity.Settings.Editor.csproj", "{d92a1dfa-689b-bdf8-e2a1-95c43fe522e1}"
EndProject
Project("{FAE04EC0-301F-11D3-BF4B-00C04F79EFBC}") = "Unity.Mathematics.Editor", "Unity.Mathematics.Editor.csproj", "{7982b9ce-609e-3430-1342-6fe30f785474}"
EndProject
Project("{FAE04EC0-301F-11D3-BF4B-00C04F79EFBC}") = "Unity.ShaderGraph.Utilities", "Unity.ShaderGraph.Utilities.csproj", "{7193b702-a5e1-6aac-ee3f-735710c4a5ea}"
EndProject
Project("{FAE04EC0-301F-11D3-BF4B-00C04F79EFBC}") = "Unity.ProBuilder.AddOns.Editor", "Unity.ProBuilder.AddOns.Editor.csproj", "{d07b4b1e-6526-dba4-5dd3-e72d8ebe2d51}"
EndProject
Global
	GlobalSection(SolutionConfigurationPlatforms) = preSolution
		Debug|Any CPU = Debug|Any CPU
	EndGlobalSection
	GlobalSection(ProjectConfigurationPlatforms) = postSolution
		{214a26c3-9a53-fda0-6600-cf0aa21d5df7}.Debug|Any CPU.ActiveCfg = Debug|Any CPU
		{214a26c3-9a53-fda0-6600-cf0aa21d5df7}.Debug|Any CPU.Build.0 = Debug|Any CPU
		{8b0efaa1-23b7-f52c-8904-f27f57df7a8e}.Debug|Any CPU.ActiveCfg = Debug|Any CPU
		{8b0efaa1-23b7-f52c-8904-f27f57df7a8e}.Debug|Any CPU.Build.0 = Debug|Any CPU
		{18ffcebf-5217-6bd4-a6d6-3853acf653a1}.Debug|Any CPU.ActiveCfg = Debug|Any CPU
		{18ffcebf-5217-6bd4-a6d6-3853acf653a1}.Debug|Any CPU.Build.0 = Debug|Any CPU
		{72c11250-e756-2363-245e-657930d53bd6}.Debug|Any CPU.ActiveCfg = Debug|Any CPU
		{72c11250-e756-2363-245e-657930d53bd6}.Debug|Any CPU.Build.0 = Debug|Any CPU
		{eb3bd572-79f1-79b4-9b53-d81cb33f33b3}.Debug|Any CPU.ActiveCfg = Debug|Any CPU
		{eb3bd572-79f1-79b4-9b53-d81cb33f33b3}.Debug|Any CPU.Build.0 = Debug|Any CPU
		{b4885472-5222-9406-04cf-fb90939c1eb4}.Debug|Any CPU.ActiveCfg = Debug|Any CPU
		{b4885472-5222-9406-04cf-fb90939c1eb4}.Debug|Any CPU.Build.0 = Debug|Any CPU
		{cfc25cf1-5545-d4bd-1b5b-dcc545a5fb3f}.Debug|Any CPU.ActiveCfg = Debug|Any CPU
		{cfc25cf1-5545-d4bd-1b5b-dcc545a5fb3f}.Debug|Any CPU.Build.0 = Debug|Any CPU
		{b34abfbb-a035-109d-d60c-9c2def476dd9}.Debug|Any CPU.ActiveCfg = Debug|Any CPU
		{b34abfbb-a035-109d-d60c-9c2def476dd9}.Debug|Any CPU.Build.0 = Debug|Any CPU
		{6360eeeb-e7ad-e7d4-9684-60a25e36a833}.Debug|Any CPU.ActiveCfg = Debug|Any CPU
		{6360eeeb-e7ad-e7d4-9684-60a25e36a833}.Debug|Any CPU.Build.0 = Debug|Any CPU
		{85e00740-7a3b-ee34-f77b-f3e78a6c3447}.Debug|Any CPU.ActiveCfg = Debug|Any CPU
		{85e00740-7a3b-ee34-f77b-f3e78a6c3447}.Debug|Any CPU.Build.0 = Debug|Any CPU
		{4df56be5-060f-7ed9-f988-e6dbea4a63fa}.Debug|Any CPU.ActiveCfg = Debug|Any CPU
		{4df56be5-060f-7ed9-f988-e6dbea4a63fa}.Debug|Any CPU.Build.0 = Debug|Any CPU
		{2d1727fd-1373-afa7-ae66-00dc8246d922}.Debug|Any CPU.ActiveCfg = Debug|Any CPU
		{2d1727fd-1373-afa7-ae66-00dc8246d922}.Debug|Any CPU.Build.0 = Debug|Any CPU
		{39754926-0dc2-5fbd-1edb-1f41ffc9ba09}.Debug|Any CPU.ActiveCfg = Debug|Any CPU
		{39754926-0dc2-5fbd-1edb-1f41ffc9ba09}.Debug|Any CPU.Build.0 = Debug|Any CPU
		{f4b38060-3d5c-9f80-a916-e7ebeeeb53c6}.Debug|Any CPU.ActiveCfg = Debug|Any CPU
		{f4b38060-3d5c-9f80-a916-e7ebeeeb53c6}.Debug|Any CPU.Build.0 = Debug|Any CPU
		{bb454061-95a4-bcd1-12f5-edacdfbd6629}.Debug|Any CPU.ActiveCfg = Debug|Any CPU
		{bb454061-95a4-bcd1-12f5-edacdfbd6629}.Debug|Any CPU.Build.0 = Debug|Any CPU
		{09be29b4-4bbb-7d37-cabe-866995940435}.Debug|Any CPU.ActiveCfg = Debug|Any CPU
		{09be29b4-4bbb-7d37-cabe-866995940435}.Debug|Any CPU.Build.0 = Debug|Any CPU
		{cce6593a-d8ae-6d8a-2738-e31833273464}.Debug|Any CPU.ActiveCfg = Debug|Any CPU
		{cce6593a-d8ae-6d8a-2738-e31833273464}.Debug|Any CPU.Build.0 = Debug|Any CPU
		{6e674f09-6cb4-9633-36da-2ffa1c8da517}.Debug|Any CPU.ActiveCfg = Debug|Any CPU
		{6e674f09-6cb4-9633-36da-2ffa1c8da517}.Debug|Any CPU.Build.0 = Debug|Any CPU
		{47ebe209-fe41-d45a-e6d2-63fbe29531de}.Debug|Any CPU.ActiveCfg = Debug|Any CPU
		{47ebe209-fe41-d45a-e6d2-63fbe29531de}.Debug|Any CPU.Build.0 = Debug|Any CPU
		{d6ae6a88-d763-c2f1-27a8-ac44783dd6de}.Debug|Any CPU.ActiveCfg = Debug|Any CPU
		{d6ae6a88-d763-c2f1-27a8-ac44783dd6de}.Debug|Any CPU.Build.0 = Debug|Any CPU
		{6fc45390-33a4-d05b-d734-50e9985d3b94}.Debug|Any CPU.ActiveCfg = Debug|Any CPU
		{6fc45390-33a4-d05b-d734-50e9985d3b94}.Debug|Any CPU.Build.0 = Debug|Any CPU
		{0baf1ef6-a095-3ae4-6726-f9945fb25dd4}.Debug|Any CPU.ActiveCfg = Debug|Any CPU
		{0baf1ef6-a095-3ae4-6726-f9945fb25dd4}.Debug|Any CPU.Build.0 = Debug|Any CPU
		{7ce3956d-a130-f5c9-ea65-d5b524dba211}.Debug|Any CPU.ActiveCfg = Debug|Any CPU
		{7ce3956d-a130-f5c9-ea65-d5b524dba211}.Debug|Any CPU.Build.0 = Debug|Any CPU
		{ceed7a90-9976-54bf-e63d-72a80a4d5590}.Debug|Any CPU.ActiveCfg = Debug|Any CPU
		{ceed7a90-9976-54bf-e63d-72a80a4d5590}.Debug|Any CPU.Build.0 = Debug|Any CPU
		{48372d7b-65d8-57d1-2af0-fa493567b8a6}.Debug|Any CPU.ActiveCfg = Debug|Any CPU
		{48372d7b-65d8-57d1-2af0-fa493567b8a6}.Debug|Any CPU.Build.0 = Debug|Any CPU
		{1939de99-f5ea-b6aa-d6e9-efde9479d448}.Debug|Any CPU.ActiveCfg = Debug|Any CPU
		{1939de99-f5ea-b6aa-d6e9-efde9479d448}.Debug|Any CPU.Build.0 = Debug|Any CPU
		{a729e8a1-d442-5899-c397-5f8c22d86d6f}.Debug|Any CPU.ActiveCfg = Debug|Any CPU
		{a729e8a1-d442-5899-c397-5f8c22d86d6f}.Debug|Any CPU.Build.0 = Debug|Any CPU
		{d9715d44-e2e6-3759-be8f-bc03037986f0}.Debug|Any CPU.ActiveCfg = Debug|Any CPU
		{d9715d44-e2e6-3759-be8f-bc03037986f0}.Debug|Any CPU.Build.0 = Debug|Any CPU
		{558c1d1e-9dac-035f-1ec5-594fe037421a}.Debug|Any CPU.ActiveCfg = Debug|Any CPU
		{558c1d1e-9dac-035f-1ec5-594fe037421a}.Debug|Any CPU.Build.0 = Debug|Any CPU
		{c96a089e-bf50-a9d7-4e55-f2915c338408}.Debug|Any CPU.ActiveCfg = Debug|Any CPU
		{c96a089e-bf50-a9d7-4e55-f2915c338408}.Debug|Any CPU.Build.0 = Debug|Any CPU
		{95ad5dd0-d9b5-462c-1292-bd789b220396}.Debug|Any CPU.ActiveCfg = Debug|Any CPU
		{95ad5dd0-d9b5-462c-1292-bd789b220396}.Debug|Any CPU.Build.0 = Debug|Any CPU
		{32158387-e4b7-6574-e3c4-555ffda83da1}.Debug|Any CPU.ActiveCfg = Debug|Any CPU
		{32158387-e4b7-6574-e3c4-555ffda83da1}.Debug|Any CPU.Build.0 = Debug|Any CPU
		{6caca32c-c228-8b91-5617-080504ecc505}.Debug|Any CPU.ActiveCfg = Debug|Any CPU
		{6caca32c-c228-8b91-5617-080504ecc505}.Debug|Any CPU.Build.0 = Debug|Any CPU
		{f04f6ef1-1f2e-d2e4-10d2-016d56dcdde3}.Debug|Any CPU.ActiveCfg = Debug|Any CPU
		{f04f6ef1-1f2e-d2e4-10d2-016d56dcdde3}.Debug|Any CPU.Build.0 = Debug|Any CPU
		{2aabe72e-a0fc-12e1-1793-a88b7162fcad}.Debug|Any CPU.ActiveCfg = Debug|Any CPU
		{2aabe72e-a0fc-12e1-1793-a88b7162fcad}.Debug|Any CPU.Build.0 = Debug|Any CPU
		{4ea04a3e-d45a-9be6-0848-9ba51dfe18d3}.Debug|Any CPU.ActiveCfg = Debug|Any CPU
		{4ea04a3e-d45a-9be6-0848-9ba51dfe18d3}.Debug|Any CPU.Build.0 = Debug|Any CPU
		{794cf926-6fa7-a3b0-f2cd-0a255b758a12}.Debug|Any CPU.ActiveCfg = Debug|Any CPU
		{794cf926-6fa7-a3b0-f2cd-0a255b758a12}.Debug|Any CPU.Build.0 = Debug|Any CPU
		{1618c0f0-b2a7-8752-ea7f-6270af1b3850}.Debug|Any CPU.ActiveCfg = Debug|Any CPU
		{1618c0f0-b2a7-8752-ea7f-6270af1b3850}.Debug|Any CPU.Build.0 = Debug|Any CPU
		{d92a1dfa-689b-bdf8-e2a1-95c43fe522e1}.Debug|Any CPU.ActiveCfg = Debug|Any CPU
		{d92a1dfa-689b-bdf8-e2a1-95c43fe522e1}.Debug|Any CPU.Build.0 = Debug|Any CPU
		{7982b9ce-609e-3430-1342-6fe30f785474}.Debug|Any CPU.ActiveCfg = Debug|Any CPU
		{7982b9ce-609e-3430-1342-6fe30f785474}.Debug|Any CPU.Build.0 = Debug|Any CPU
		{7193b702-a5e1-6aac-ee3f-735710c4a5ea}.Debug|Any CPU.ActiveCfg = Debug|Any CPU
		{7193b702-a5e1-6aac-ee3f-735710c4a5ea}.Debug|Any CPU.Build.0 = Debug|Any CPU
		{d07b4b1e-6526-dba4-5dd3-e72d8ebe2d51}.Debug|Any CPU.ActiveCfg = Debug|Any CPU
		{d07b4b1e-6526-dba4-5dd3-e72d8ebe2d51}.Debug|Any CPU.Build.0 = Debug|Any CPU
	EndGlobalSection
	GlobalSection(SolutionProperties) = preSolution
		HideSolutionNode = FALSE
	EndGlobalSection
EndGlobal
